// !$*UTF8*$!
{
	archiveVersion = 1;
	classes = {
	};
	objectVersion = 55;
	objects = {

/* Begin PBXBuildFile section */
		0303DED128D0BD5900298F41 /* sagaRecordForMacApp.swift in Sources */ = {isa = PBXBuildFile; fileRef = 0303DED028D0BD5900298F41 /* sagaRecordForMacApp.swift */; };
		0303DED328D0BD5900298F41 /* TopView.swift in Sources */ = {isa = PBXBuildFile; fileRef = 0303DED228D0BD5900298F41 /* TopView.swift */; };
		0303DED528D0BD5B00298F41 /* Assets.xcassets in Resources */ = {isa = PBXBuildFile; fileRef = 0303DED428D0BD5B00298F41 /* Assets.xcassets */; };
		0303DED828D0BD5B00298F41 /* Preview Assets.xcassets in Resources */ = {isa = PBXBuildFile; fileRef = 0303DED728D0BD5B00298F41 /* Preview Assets.xcassets */; };
		0303DEE328D0BD5B00298F41 /* sagaRecordForMacTests.swift in Sources */ = {isa = PBXBuildFile; fileRef = 0303DEE228D0BD5B00298F41 /* sagaRecordForMacTests.swift */; };
		0303DEED28D0BD5B00298F41 /* sagaRecordForMacUITests.swift in Sources */ = {isa = PBXBuildFile; fileRef = 0303DEEC28D0BD5B00298F41 /* sagaRecordForMacUITests.swift */; };
		0303DEEF28D0BD5B00298F41 /* sagaRecordForMacUITestsLaunchTests.swift in Sources */ = {isa = PBXBuildFile; fileRef = 0303DEEE28D0BD5B00298F41 /* sagaRecordForMacUITestsLaunchTests.swift */; };
		0303DEFC28D0C0C800298F41 /* IndexView.swift in Sources */ = {isa = PBXBuildFile; fileRef = 0303DEFB28D0C0C800298F41 /* IndexView.swift */; };
		0303DEFE28D0C9BB00298F41 /* SigninView.swift in Sources */ = {isa = PBXBuildFile; fileRef = 0303DEFD28D0C9BB00298F41 /* SigninView.swift */; };
		0303DF0028D10A6F00298F41 /* .gitignore in Resources */ = {isa = PBXBuildFile; fileRef = 0303DEFF28D10A6F00298F41 /* .gitignore */; };
		0303DF0228D10C4D00298F41 /* StatusEditView.swift in Sources */ = {isa = PBXBuildFile; fileRef = 0303DF0128D10C4D00298F41 /* StatusEditView.swift */; };
		0303DF0428D10CC500298F41 /* StyleListEditView.swift in Sources */ = {isa = PBXBuildFile; fileRef = 0303DF0328D10CC500298F41 /* StyleListEditView.swift */; };
		0303DF0628D10EC600298F41 /* StyleSearchView.swift in Sources */ = {isa = PBXBuildFile; fileRef = 0303DF0528D10EC600298F41 /* StyleSearchView.swift */; };
		0303DF0828D39B8300298F41 /* SignupView.swift in Sources */ = {isa = PBXBuildFile; fileRef = 0303DF0728D39B8300298F41 /* SignupView.swift */; };
		0303DF0A28D5FBC800298F41 /* ViewControllModel.swift in Sources */ = {isa = PBXBuildFile; fileRef = 0303DF0928D5FBC800298F41 /* ViewControllModel.swift */; };
		0303DF0C28D79DF100298F41 /* StatusStepperView.swift in Sources */ = {isa = PBXBuildFile; fileRef = 0303DF0B28D79DF100298F41 /* StatusStepperView.swift */; };
		0303DF0E28DE0C2200298F41 /* ViewControllView.swift in Sources */ = {isa = PBXBuildFile; fileRef = 0303DF0D28DE0C2200298F41 /* ViewControllView.swift */; };
		0303DF1028DF6B5200298F41 /* CallApiModel.swift in Sources */ = {isa = PBXBuildFile; fileRef = 0303DF0F28DF6B5200298F41 /* CallApiModel.swift */; };
		0303DF1228DF6F4300298F41 /* ConstantValuesModel.swift in Sources */ = {isa = PBXBuildFile; fileRef = 0303DF1128DF6F4300298F41 /* ConstantValuesModel.swift */; };
		0303DF1528E7ED0700298F41 /* CustomImage.swift in Sources */ = {isa = PBXBuildFile; fileRef = 0303DF1428E7ED0700298F41 /* CustomImage.swift */; };
		0303DF1728F1454A00298F41 /* CustomSubmitButton.swift in Sources */ = {isa = PBXBuildFile; fileRef = 0303DF1628F1454A00298F41 /* CustomSubmitButton.swift */; };
		0303DF1928F2A99700298F41 /* UserDefaultsModel.swift in Sources */ = {isa = PBXBuildFile; fileRef = 0303DF1828F2A99700298F41 /* UserDefaultsModel.swift */; };
		0303DF1B28FC0D3A00298F41 /* CharacterSearchView.swift in Sources */ = {isa = PBXBuildFile; fileRef = 0303DF1A28FC0D3A00298F41 /* CharacterSearchView.swift */; };
		154330CA85C0CD71BC48F6CB /* libPods-sagaRecordForMacTests.a in Frameworks */ = {isa = PBXBuildFile; fileRef = C68700A3917DF7FC8370640E /* libPods-sagaRecordForMacTests.a */; };
		96FAF35E563AA3138446AE4B /* libPods-sagaRecordForMac.a in Frameworks */ = {isa = PBXBuildFile; fileRef = 25F6909D24517C63DDE533FB /* libPods-sagaRecordForMac.a */; };
		9F0128DDA11F85F8023715C4 /* libPods-sagaRecordForMac-sagaRecordForMacUITests.a in Frameworks */ = {isa = PBXBuildFile; fileRef = 0ADB5204648CA7F2D407FA82 /* libPods-sagaRecordForMac-sagaRecordForMacUITests.a */; };
/* End PBXBuildFile section */

/* Begin PBXContainerItemProxy section */
		0303DEDF28D0BD5B00298F41 /* PBXContainerItemProxy */ = {
			isa = PBXContainerItemProxy;
			containerPortal = 0303DEC528D0BD5900298F41 /* Project object */;
			proxyType = 1;
			remoteGlobalIDString = 0303DECC28D0BD5900298F41;
			remoteInfo = sagaRecordForMac;
		};
		0303DEE928D0BD5B00298F41 /* PBXContainerItemProxy */ = {
			isa = PBXContainerItemProxy;
			containerPortal = 0303DEC528D0BD5900298F41 /* Project object */;
			proxyType = 1;
			remoteGlobalIDString = 0303DECC28D0BD5900298F41;
			remoteInfo = sagaRecordForMac;
		};
/* End PBXContainerItemProxy section */

/* Begin PBXFileReference section */
		0303DECD28D0BD5900298F41 /* sagaRecordForMac.app */ = {isa = PBXFileReference; explicitFileType = wrapper.application; includeInIndex = 0; path = sagaRecordForMac.app; sourceTree = BUILT_PRODUCTS_DIR; };
		0303DED028D0BD5900298F41 /* sagaRecordForMacApp.swift */ = {isa = PBXFileReference; lastKnownFileType = sourcecode.swift; path = sagaRecordForMacApp.swift; sourceTree = "<group>"; };
		0303DED228D0BD5900298F41 /* TopView.swift */ = {isa = PBXFileReference; lastKnownFileType = sourcecode.swift; path = TopView.swift; sourceTree = "<group>"; };
		0303DED428D0BD5B00298F41 /* Assets.xcassets */ = {isa = PBXFileReference; lastKnownFileType = folder.assetcatalog; path = Assets.xcassets; sourceTree = "<group>"; };
		0303DED728D0BD5B00298F41 /* Preview Assets.xcassets */ = {isa = PBXFileReference; lastKnownFileType = folder.assetcatalog; path = "Preview Assets.xcassets"; sourceTree = "<group>"; };
		0303DED928D0BD5B00298F41 /* sagaRecordForMac.entitlements */ = {isa = PBXFileReference; lastKnownFileType = text.plist.entitlements; path = sagaRecordForMac.entitlements; sourceTree = "<group>"; };
		0303DEDE28D0BD5B00298F41 /* sagaRecordForMacTests.xctest */ = {isa = PBXFileReference; explicitFileType = wrapper.cfbundle; includeInIndex = 0; path = sagaRecordForMacTests.xctest; sourceTree = BUILT_PRODUCTS_DIR; };
		0303DEE228D0BD5B00298F41 /* sagaRecordForMacTests.swift */ = {isa = PBXFileReference; lastKnownFileType = sourcecode.swift; path = sagaRecordForMacTests.swift; sourceTree = "<group>"; };
		0303DEE828D0BD5B00298F41 /* sagaRecordForMacUITests.xctest */ = {isa = PBXFileReference; explicitFileType = wrapper.cfbundle; includeInIndex = 0; path = sagaRecordForMacUITests.xctest; sourceTree = BUILT_PRODUCTS_DIR; };
		0303DEEC28D0BD5B00298F41 /* sagaRecordForMacUITests.swift */ = {isa = PBXFileReference; lastKnownFileType = sourcecode.swift; path = sagaRecordForMacUITests.swift; sourceTree = "<group>"; };
		0303DEEE28D0BD5B00298F41 /* sagaRecordForMacUITestsLaunchTests.swift */ = {isa = PBXFileReference; lastKnownFileType = sourcecode.swift; path = sagaRecordForMacUITestsLaunchTests.swift; sourceTree = "<group>"; };
		0303DEFB28D0C0C800298F41 /* IndexView.swift */ = {isa = PBXFileReference; lastKnownFileType = sourcecode.swift; path = IndexView.swift; sourceTree = "<group>"; };
		0303DEFD28D0C9BB00298F41 /* SigninView.swift */ = {isa = PBXFileReference; lastKnownFileType = sourcecode.swift; path = SigninView.swift; sourceTree = "<group>"; };
		0303DEFF28D10A6F00298F41 /* .gitignore */ = {isa = PBXFileReference; fileEncoding = 4; lastKnownFileType = text; path = .gitignore; sourceTree = "<group>"; };
		0303DF0128D10C4D00298F41 /* StatusEditView.swift */ = {isa = PBXFileReference; lastKnownFileType = sourcecode.swift; path = StatusEditView.swift; sourceTree = "<group>"; };
		0303DF0328D10CC500298F41 /* StyleListEditView.swift */ = {isa = PBXFileReference; lastKnownFileType = sourcecode.swift; path = StyleListEditView.swift; sourceTree = "<group>"; };
		0303DF0528D10EC600298F41 /* StyleSearchView.swift */ = {isa = PBXFileReference; lastKnownFileType = sourcecode.swift; path = StyleSearchView.swift; sourceTree = "<group>"; };
		0303DF0728D39B8300298F41 /* SignupView.swift */ = {isa = PBXFileReference; lastKnownFileType = sourcecode.swift; path = SignupView.swift; sourceTree = "<group>"; };
		0303DF0928D5FBC800298F41 /* ViewControllModel.swift */ = {isa = PBXFileReference; lastKnownFileType = sourcecode.swift; path = ViewControllModel.swift; sourceTree = "<group>"; };
		0303DF0B28D79DF100298F41 /* StatusStepperView.swift */ = {isa = PBXFileReference; lastKnownFileType = sourcecode.swift; path = StatusStepperView.swift; sourceTree = "<group>"; };
		0303DF0D28DE0C2200298F41 /* ViewControllView.swift */ = {isa = PBXFileReference; lastKnownFileType = sourcecode.swift; path = ViewControllView.swift; sourceTree = "<group>"; };
		0303DF0F28DF6B5200298F41 /* CallApiModel.swift */ = {isa = PBXFileReference; lastKnownFileType = sourcecode.swift; path = CallApiModel.swift; sourceTree = "<group>"; };
		0303DF1128DF6F4300298F41 /* ConstantValuesModel.swift */ = {isa = PBXFileReference; lastKnownFileType = sourcecode.swift; path = ConstantValuesModel.swift; sourceTree = "<group>"; };
		0303DF1328DF7E5200298F41 /* Info.plist */ = {isa = PBXFileReference; lastKnownFileType = text.plist; path = Info.plist; sourceTree = "<group>"; };
		0303DF1428E7ED0700298F41 /* CustomImage.swift */ = {isa = PBXFileReference; lastKnownFileType = sourcecode.swift; path = CustomImage.swift; sourceTree = "<group>"; };
		0303DF1628F1454A00298F41 /* CustomSubmitButton.swift */ = {isa = PBXFileReference; lastKnownFileType = sourcecode.swift; path = CustomSubmitButton.swift; sourceTree = "<group>"; };
		0303DF1828F2A99700298F41 /* UserDefaultsModel.swift */ = {isa = PBXFileReference; lastKnownFileType = sourcecode.swift; path = UserDefaultsModel.swift; sourceTree = "<group>"; };
		0303DF1A28FC0D3A00298F41 /* CharacterSearchView.swift */ = {isa = PBXFileReference; lastKnownFileType = sourcecode.swift; path = CharacterSearchView.swift; sourceTree = "<group>"; };
		0ADB5204648CA7F2D407FA82 /* libPods-sagaRecordForMac-sagaRecordForMacUITests.a */ = {isa = PBXFileReference; explicitFileType = archive.ar; includeInIndex = 0; path = "libPods-sagaRecordForMac-sagaRecordForMacUITests.a"; sourceTree = BUILT_PRODUCTS_DIR; };
		25F6909D24517C63DDE533FB /* libPods-sagaRecordForMac.a */ = {isa = PBXFileReference; explicitFileType = archive.ar; includeInIndex = 0; path = "libPods-sagaRecordForMac.a"; sourceTree = BUILT_PRODUCTS_DIR; };
		3E419EA266CDF2BFDDE0B5E1 /* Pods-sagaRecordForMacTests.release.xcconfig */ = {isa = PBXFileReference; includeInIndex = 1; lastKnownFileType = text.xcconfig; name = "Pods-sagaRecordForMacTests.release.xcconfig"; path = "Target Support Files/Pods-sagaRecordForMacTests/Pods-sagaRecordForMacTests.release.xcconfig"; sourceTree = "<group>"; };
		4E2E43E10C6E07EC15786A37 /* Pods-sagaRecordForMac.release.xcconfig */ = {isa = PBXFileReference; includeInIndex = 1; lastKnownFileType = text.xcconfig; name = "Pods-sagaRecordForMac.release.xcconfig"; path = "Target Support Files/Pods-sagaRecordForMac/Pods-sagaRecordForMac.release.xcconfig"; sourceTree = "<group>"; };
		805194226BCEAA5E31509826 /* Pods-sagaRecordForMacTests.debug.xcconfig */ = {isa = PBXFileReference; includeInIndex = 1; lastKnownFileType = text.xcconfig; name = "Pods-sagaRecordForMacTests.debug.xcconfig"; path = "Target Support Files/Pods-sagaRecordForMacTests/Pods-sagaRecordForMacTests.debug.xcconfig"; sourceTree = "<group>"; };
		B7B12251DA9812D32469FBEB /* Pods-sagaRecordForMac-sagaRecordForMacUITests.release.xcconfig */ = {isa = PBXFileReference; includeInIndex = 1; lastKnownFileType = text.xcconfig; name = "Pods-sagaRecordForMac-sagaRecordForMacUITests.release.xcconfig"; path = "Target Support Files/Pods-sagaRecordForMac-sagaRecordForMacUITests/Pods-sagaRecordForMac-sagaRecordForMacUITests.release.xcconfig"; sourceTree = "<group>"; };
		C68700A3917DF7FC8370640E /* libPods-sagaRecordForMacTests.a */ = {isa = PBXFileReference; explicitFileType = archive.ar; includeInIndex = 0; path = "libPods-sagaRecordForMacTests.a"; sourceTree = BUILT_PRODUCTS_DIR; };
		D08E84D617A37414C75F91FE /* Pods-sagaRecordForMac-sagaRecordForMacUITests.debug.xcconfig */ = {isa = PBXFileReference; includeInIndex = 1; lastKnownFileType = text.xcconfig; name = "Pods-sagaRecordForMac-sagaRecordForMacUITests.debug.xcconfig"; path = "Target Support Files/Pods-sagaRecordForMac-sagaRecordForMacUITests/Pods-sagaRecordForMac-sagaRecordForMacUITests.debug.xcconfig"; sourceTree = "<group>"; };
		F4AB23F181F0D34CE6955C3D /* Pods-sagaRecordForMac.debug.xcconfig */ = {isa = PBXFileReference; includeInIndex = 1; lastKnownFileType = text.xcconfig; name = "Pods-sagaRecordForMac.debug.xcconfig"; path = "Target Support Files/Pods-sagaRecordForMac/Pods-sagaRecordForMac.debug.xcconfig"; sourceTree = "<group>"; };
/* End PBXFileReference section */

/* Begin PBXFrameworksBuildPhase section */
		0303DECA28D0BD5900298F41 /* Frameworks */ = {
			isa = PBXFrameworksBuildPhase;
			buildActionMask = 2147483647;
			files = (
				96FAF35E563AA3138446AE4B /* libPods-sagaRecordForMac.a in Frameworks */,
			);
			runOnlyForDeploymentPostprocessing = 0;
		};
		0303DEDB28D0BD5B00298F41 /* Frameworks */ = {
			isa = PBXFrameworksBuildPhase;
			buildActionMask = 2147483647;
			files = (
				154330CA85C0CD71BC48F6CB /* libPods-sagaRecordForMacTests.a in Frameworks */,
			);
			runOnlyForDeploymentPostprocessing = 0;
		};
		0303DEE528D0BD5B00298F41 /* Frameworks */ = {
			isa = PBXFrameworksBuildPhase;
			buildActionMask = 2147483647;
			files = (
				9F0128DDA11F85F8023715C4 /* libPods-sagaRecordForMac-sagaRecordForMacUITests.a in Frameworks */,
			);
			runOnlyForDeploymentPostprocessing = 0;
		};
/* End PBXFrameworksBuildPhase section */

/* Begin PBXGroup section */
		0303DEC428D0BD5900298F41 = {
			isa = PBXGroup;
			children = (
				0303DEFF28D10A6F00298F41 /* .gitignore */,
				0303DECF28D0BD5900298F41 /* sagaRecordForMac */,
				0303DEE128D0BD5B00298F41 /* sagaRecordForMacTests */,
				0303DEEB28D0BD5B00298F41 /* sagaRecordForMacUITests */,
				0303DECE28D0BD5900298F41 /* Products */,
				8584D4AB94E8FBC4D9FB65F2 /* Pods */,
				FC5983019370EE6B8325B2F6 /* Frameworks */,
			);
			sourceTree = "<group>";
		};
		0303DECE28D0BD5900298F41 /* Products */ = {
			isa = PBXGroup;
			children = (
				0303DECD28D0BD5900298F41 /* sagaRecordForMac.app */,
				0303DEDE28D0BD5B00298F41 /* sagaRecordForMacTests.xctest */,
				0303DEE828D0BD5B00298F41 /* sagaRecordForMacUITests.xctest */,
			);
			name = Products;
			sourceTree = "<group>";
		};
		0303DECF28D0BD5900298F41 /* sagaRecordForMac */ = {
			isa = PBXGroup;
			children = (
				0303DF1328DF7E5200298F41 /* Info.plist */,
				0303DED028D0BD5900298F41 /* sagaRecordForMacApp.swift */,
				0303DED228D0BD5900298F41 /* TopView.swift */,
				0303DF0F28DF6B5200298F41 /* CallApiModel.swift */,
				0303DF1828F2A99700298F41 /* UserDefaultsModel.swift */,
				0303DF1128DF6F4300298F41 /* ConstantValuesModel.swift */,
				0303DF0928D5FBC800298F41 /* ViewControllModel.swift */,
				0303DF0D28DE0C2200298F41 /* ViewControllView.swift */,
				0303DEFD28D0C9BB00298F41 /* SigninView.swift */,
				0303DF0728D39B8300298F41 /* SignupView.swift */,
				0303DEFB28D0C0C800298F41 /* IndexView.swift */,
				0303DF1428E7ED0700298F41 /* CustomImage.swift */,
				0303DF1628F1454A00298F41 /* CustomSubmitButton.swift */,
				0303DF0128D10C4D00298F41 /* StatusEditView.swift */,
				0303DF0B28D79DF100298F41 /* StatusStepperView.swift */,
				0303DF0328D10CC500298F41 /* StyleListEditView.swift */,
				0303DF0528D10EC600298F41 /* StyleSearchView.swift */,
				0303DF1A28FC0D3A00298F41 /* CharacterSearchView.swift */,
				0303DED428D0BD5B00298F41 /* Assets.xcassets */,
				0303DED928D0BD5B00298F41 /* sagaRecordForMac.entitlements */,
				0303DED628D0BD5B00298F41 /* Preview Content */,
			);
			path = sagaRecordForMac;
			sourceTree = "<group>";
		};
		0303DED628D0BD5B00298F41 /* Preview Content */ = {
			isa = PBXGroup;
			children = (
				0303DED728D0BD5B00298F41 /* Preview Assets.xcassets */,
			);
			path = "Preview Content";
			sourceTree = "<group>";
		};
		0303DEE128D0BD5B00298F41 /* sagaRecordForMacTests */ = {
			isa = PBXGroup;
			children = (
				0303DEE228D0BD5B00298F41 /* sagaRecordForMacTests.swift */,
			);
			path = sagaRecordForMacTests;
			sourceTree = "<group>";
		};
		0303DEEB28D0BD5B00298F41 /* sagaRecordForMacUITests */ = {
			isa = PBXGroup;
			children = (
				0303DEEC28D0BD5B00298F41 /* sagaRecordForMacUITests.swift */,
				0303DEEE28D0BD5B00298F41 /* sagaRecordForMacUITestsLaunchTests.swift */,
			);
			path = sagaRecordForMacUITests;
			sourceTree = "<group>";
		};
		8584D4AB94E8FBC4D9FB65F2 /* Pods */ = {
			isa = PBXGroup;
			children = (
				F4AB23F181F0D34CE6955C3D /* Pods-sagaRecordForMac.debug.xcconfig */,
				4E2E43E10C6E07EC15786A37 /* Pods-sagaRecordForMac.release.xcconfig */,
				D08E84D617A37414C75F91FE /* Pods-sagaRecordForMac-sagaRecordForMacUITests.debug.xcconfig */,
				B7B12251DA9812D32469FBEB /* Pods-sagaRecordForMac-sagaRecordForMacUITests.release.xcconfig */,
				805194226BCEAA5E31509826 /* Pods-sagaRecordForMacTests.debug.xcconfig */,
				3E419EA266CDF2BFDDE0B5E1 /* Pods-sagaRecordForMacTests.release.xcconfig */,
			);
			path = Pods;
			sourceTree = "<group>";
		};
		FC5983019370EE6B8325B2F6 /* Frameworks */ = {
			isa = PBXGroup;
			children = (
				25F6909D24517C63DDE533FB /* libPods-sagaRecordForMac.a */,
				0ADB5204648CA7F2D407FA82 /* libPods-sagaRecordForMac-sagaRecordForMacUITests.a */,
				C68700A3917DF7FC8370640E /* libPods-sagaRecordForMacTests.a */,
			);
			name = Frameworks;
			sourceTree = "<group>";
		};
/* End PBXGroup section */

/* Begin PBXNativeTarget section */
		0303DECC28D0BD5900298F41 /* sagaRecordForMac */ = {
			isa = PBXNativeTarget;
			buildConfigurationList = 0303DEF228D0BD5B00298F41 /* Build configuration list for PBXNativeTarget "sagaRecordForMac" */;
			buildPhases = (
				F06C3564C92274141656A733 /* [CP] Check Pods Manifest.lock */,
				0303DEC928D0BD5900298F41 /* Sources */,
				0303DECA28D0BD5900298F41 /* Frameworks */,
				0303DECB28D0BD5900298F41 /* Resources */,
			);
			buildRules = (
			);
			dependencies = (
			);
			name = sagaRecordForMac;
			productName = sagaRecordForMac;
			productReference = 0303DECD28D0BD5900298F41 /* sagaRecordForMac.app */;
			productType = "com.apple.product-type.application";
		};
		0303DEDD28D0BD5B00298F41 /* sagaRecordForMacTests */ = {
			isa = PBXNativeTarget;
			buildConfigurationList = 0303DEF528D0BD5B00298F41 /* Build configuration list for PBXNativeTarget "sagaRecordForMacTests" */;
			buildPhases = (
				D3E359F1462657ED8F27408D /* [CP] Check Pods Manifest.lock */,
				0303DEDA28D0BD5B00298F41 /* Sources */,
				0303DEDB28D0BD5B00298F41 /* Frameworks */,
				0303DEDC28D0BD5B00298F41 /* Resources */,
			);
			buildRules = (
			);
			dependencies = (
				0303DEE028D0BD5B00298F41 /* PBXTargetDependency */,
			);
			name = sagaRecordForMacTests;
			productName = sagaRecordForMacTests;
			productReference = 0303DEDE28D0BD5B00298F41 /* sagaRecordForMacTests.xctest */;
			productType = "com.apple.product-type.bundle.unit-test";
		};
		0303DEE728D0BD5B00298F41 /* sagaRecordForMacUITests */ = {
			isa = PBXNativeTarget;
			buildConfigurationList = 0303DEF828D0BD5B00298F41 /* Build configuration list for PBXNativeTarget "sagaRecordForMacUITests" */;
			buildPhases = (
				B034C007AE65A5528C70689D /* [CP] Check Pods Manifest.lock */,
				0303DEE428D0BD5B00298F41 /* Sources */,
				0303DEE528D0BD5B00298F41 /* Frameworks */,
				0303DEE628D0BD5B00298F41 /* Resources */,
			);
			buildRules = (
			);
			dependencies = (
				0303DEEA28D0BD5B00298F41 /* PBXTargetDependency */,
			);
			name = sagaRecordForMacUITests;
			productName = sagaRecordForMacUITests;
			productReference = 0303DEE828D0BD5B00298F41 /* sagaRecordForMacUITests.xctest */;
			productType = "com.apple.product-type.bundle.ui-testing";
		};
/* End PBXNativeTarget section */

/* Begin PBXProject section */
		0303DEC528D0BD5900298F41 /* Project object */ = {
			isa = PBXProject;
			attributes = {
				BuildIndependentTargetsInParallel = 1;
				LastSwiftUpdateCheck = 1340;
				LastUpgradeCheck = 1340;
				TargetAttributes = {
					0303DECC28D0BD5900298F41 = {
						CreatedOnToolsVersion = 13.4.1;
					};
					0303DEDD28D0BD5B00298F41 = {
						CreatedOnToolsVersion = 13.4.1;
						TestTargetID = 0303DECC28D0BD5900298F41;
					};
					0303DEE728D0BD5B00298F41 = {
						CreatedOnToolsVersion = 13.4.1;
						TestTargetID = 0303DECC28D0BD5900298F41;
					};
				};
			};
			buildConfigurationList = 0303DEC828D0BD5900298F41 /* Build configuration list for PBXProject "sagaRecordForMac" */;
			compatibilityVersion = "Xcode 13.0";
			developmentRegion = en;
			hasScannedForEncodings = 0;
			knownRegions = (
				en,
				Base,
			);
			mainGroup = 0303DEC428D0BD5900298F41;
			productRefGroup = 0303DECE28D0BD5900298F41 /* Products */;
			projectDirPath = "";
			projectRoot = "";
			targets = (
				0303DECC28D0BD5900298F41 /* sagaRecordForMac */,
				0303DEDD28D0BD5B00298F41 /* sagaRecordForMacTests */,
				0303DEE728D0BD5B00298F41 /* sagaRecordForMacUITests */,
			);
		};
/* End PBXProject section */

/* Begin PBXResourcesBuildPhase section */
		0303DECB28D0BD5900298F41 /* Resources */ = {
			isa = PBXResourcesBuildPhase;
			buildActionMask = 2147483647;
			files = (
				0303DED828D0BD5B00298F41 /* Preview Assets.xcassets in Resources */,
				0303DF0028D10A6F00298F41 /* .gitignore in Resources */,
				0303DED528D0BD5B00298F41 /* Assets.xcassets in Resources */,
			);
			runOnlyForDeploymentPostprocessing = 0;
		};
		0303DEDC28D0BD5B00298F41 /* Resources */ = {
			isa = PBXResourcesBuildPhase;
			buildActionMask = 2147483647;
			files = (
			);
			runOnlyForDeploymentPostprocessing = 0;
		};
		0303DEE628D0BD5B00298F41 /* Resources */ = {
			isa = PBXResourcesBuildPhase;
			buildActionMask = 2147483647;
			files = (
			);
			runOnlyForDeploymentPostprocessing = 0;
		};
/* End PBXResourcesBuildPhase section */

/* Begin PBXShellScriptBuildPhase section */
		B034C007AE65A5528C70689D /* [CP] Check Pods Manifest.lock */ = {
			isa = PBXShellScriptBuildPhase;
			buildActionMask = 2147483647;
			files = (
			);
			inputFileListPaths = (
			);
			inputPaths = (
				"${PODS_PODFILE_DIR_PATH}/Podfile.lock",
				"${PODS_ROOT}/Manifest.lock",
			);
			name = "[CP] Check Pods Manifest.lock";
			outputFileListPaths = (
			);
			outputPaths = (
				"$(DERIVED_FILE_DIR)/Pods-sagaRecordForMac-sagaRecordForMacUITests-checkManifestLockResult.txt",
			);
			runOnlyForDeploymentPostprocessing = 0;
			shellPath = /bin/sh;
			shellScript = "diff \"${PODS_PODFILE_DIR_PATH}/Podfile.lock\" \"${PODS_ROOT}/Manifest.lock\" > /dev/null\nif [ $? != 0 ] ; then\n    # print error to STDERR\n    echo \"error: The sandbox is not in sync with the Podfile.lock. Run 'pod install' or update your CocoaPods installation.\" >&2\n    exit 1\nfi\n# This output is used by Xcode 'outputs' to avoid re-running this script phase.\necho \"SUCCESS\" > \"${SCRIPT_OUTPUT_FILE_0}\"\n";
			showEnvVarsInLog = 0;
		};
		D3E359F1462657ED8F27408D /* [CP] Check Pods Manifest.lock */ = {
			isa = PBXShellScriptBuildPhase;
			buildActionMask = 2147483647;
			files = (
			);
			inputFileListPaths = (
			);
			inputPaths = (
				"${PODS_PODFILE_DIR_PATH}/Podfile.lock",
				"${PODS_ROOT}/Manifest.lock",
			);
			name = "[CP] Check Pods Manifest.lock";
			outputFileListPaths = (
			);
			outputPaths = (
				"$(DERIVED_FILE_DIR)/Pods-sagaRecordForMacTests-checkManifestLockResult.txt",
			);
			runOnlyForDeploymentPostprocessing = 0;
			shellPath = /bin/sh;
			shellScript = "diff \"${PODS_PODFILE_DIR_PATH}/Podfile.lock\" \"${PODS_ROOT}/Manifest.lock\" > /dev/null\nif [ $? != 0 ] ; then\n    # print error to STDERR\n    echo \"error: The sandbox is not in sync with the Podfile.lock. Run 'pod install' or update your CocoaPods installation.\" >&2\n    exit 1\nfi\n# This output is used by Xcode 'outputs' to avoid re-running this script phase.\necho \"SUCCESS\" > \"${SCRIPT_OUTPUT_FILE_0}\"\n";
			showEnvVarsInLog = 0;
		};
		F06C3564C92274141656A733 /* [CP] Check Pods Manifest.lock */ = {
			isa = PBXShellScriptBuildPhase;
			buildActionMask = 2147483647;
			files = (
			);
			inputFileListPaths = (
			);
			inputPaths = (
				"${PODS_PODFILE_DIR_PATH}/Podfile.lock",
				"${PODS_ROOT}/Manifest.lock",
			);
			name = "[CP] Check Pods Manifest.lock";
			outputFileListPaths = (
			);
			outputPaths = (
				"$(DERIVED_FILE_DIR)/Pods-sagaRecordForMac-checkManifestLockResult.txt",
			);
			runOnlyForDeploymentPostprocessing = 0;
			shellPath = /bin/sh;
			shellScript = "diff \"${PODS_PODFILE_DIR_PATH}/Podfile.lock\" \"${PODS_ROOT}/Manifest.lock\" > /dev/null\nif [ $? != 0 ] ; then\n    # print error to STDERR\n    echo \"error: The sandbox is not in sync with the Podfile.lock. Run 'pod install' or update your CocoaPods installation.\" >&2\n    exit 1\nfi\n# This output is used by Xcode 'outputs' to avoid re-running this script phase.\necho \"SUCCESS\" > \"${SCRIPT_OUTPUT_FILE_0}\"\n";
			showEnvVarsInLog = 0;
		};
/* End PBXShellScriptBuildPhase section */

/* Begin PBXSourcesBuildPhase section */
		0303DEC928D0BD5900298F41 /* Sources */ = {
			isa = PBXSourcesBuildPhase;
			buildActionMask = 2147483647;
			files = (
				0303DF1528E7ED0700298F41 /* CustomImage.swift in Sources */,
				0303DF0C28D79DF100298F41 /* StatusStepperView.swift in Sources */,
				0303DF0428D10CC500298F41 /* StyleListEditView.swift in Sources */,
				0303DF1728F1454A00298F41 /* CustomSubmitButton.swift in Sources */,
				0303DED328D0BD5900298F41 /* TopView.swift in Sources */,
				0303DED128D0BD5900298F41 /* sagaRecordForMacApp.swift in Sources */,
				0303DEFE28D0C9BB00298F41 /* SigninView.swift in Sources */,
				0303DF0E28DE0C2200298F41 /* ViewControllView.swift in Sources */,
				0303DF1B28FC0D3A00298F41 /* CharacterSearchView.swift in Sources */,
				0303DF0828D39B8300298F41 /* SignupView.swift in Sources */,
				0303DF0A28D5FBC800298F41 /* ViewControllModel.swift in Sources */,
				0303DF1928F2A99700298F41 /* UserDefaultsModel.swift in Sources */,
				0303DF1028DF6B5200298F41 /* CallApiModel.swift in Sources */,
				0303DEFC28D0C0C800298F41 /* IndexView.swift in Sources */,
				0303DF1228DF6F4300298F41 /* ConstantValuesModel.swift in Sources */,
				0303DF0628D10EC600298F41 /* StyleSearchView.swift in Sources */,
				0303DF0228D10C4D00298F41 /* StatusEditView.swift in Sources */,
			);
			runOnlyForDeploymentPostprocessing = 0;
		};
		0303DEDA28D0BD5B00298F41 /* Sources */ = {
			isa = PBXSourcesBuildPhase;
			buildActionMask = 2147483647;
			files = (
				0303DEE328D0BD5B00298F41 /* sagaRecordForMacTests.swift in Sources */,
			);
			runOnlyForDeploymentPostprocessing = 0;
		};
		0303DEE428D0BD5B00298F41 /* Sources */ = {
			isa = PBXSourcesBuildPhase;
			buildActionMask = 2147483647;
			files = (
				0303DEED28D0BD5B00298F41 /* sagaRecordForMacUITests.swift in Sources */,
				0303DEEF28D0BD5B00298F41 /* sagaRecordForMacUITestsLaunchTests.swift in Sources */,
			);
			runOnlyForDeploymentPostprocessing = 0;
		};
/* End PBXSourcesBuildPhase section */

/* Begin PBXTargetDependency section */
		0303DEE028D0BD5B00298F41 /* PBXTargetDependency */ = {
			isa = PBXTargetDependency;
			target = 0303DECC28D0BD5900298F41 /* sagaRecordForMac */;
			targetProxy = 0303DEDF28D0BD5B00298F41 /* PBXContainerItemProxy */;
		};
		0303DEEA28D0BD5B00298F41 /* PBXTargetDependency */ = {
			isa = PBXTargetDependency;
			target = 0303DECC28D0BD5900298F41 /* sagaRecordForMac */;
			targetProxy = 0303DEE928D0BD5B00298F41 /* PBXContainerItemProxy */;
		};
/* End PBXTargetDependency section */

/* Begin XCBuildConfiguration section */
		0303DEF028D0BD5B00298F41 /* Debug */ = {
			isa = XCBuildConfiguration;
			buildSettings = {
				ALWAYS_SEARCH_USER_PATHS = NO;
				CLANG_ANALYZER_NONNULL = YES;
				CLANG_ANALYZER_NUMBER_OBJECT_CONVERSION = YES_AGGRESSIVE;
				CLANG_CXX_LANGUAGE_STANDARD = "gnu++17";
				CLANG_ENABLE_MODULES = YES;
				CLANG_ENABLE_OBJC_ARC = YES;
				CLANG_ENABLE_OBJC_WEAK = YES;
				CLANG_WARN_BLOCK_CAPTURE_AUTORELEASING = YES;
				CLANG_WARN_BOOL_CONVERSION = YES;
				CLANG_WARN_COMMA = YES;
				CLANG_WARN_CONSTANT_CONVERSION = YES;
				CLANG_WARN_DEPRECATED_OBJC_IMPLEMENTATIONS = YES;
				CLANG_WARN_DIRECT_OBJC_ISA_USAGE = YES_ERROR;
				CLANG_WARN_DOCUMENTATION_COMMENTS = YES;
				CLANG_WARN_EMPTY_BODY = YES;
				CLANG_WARN_ENUM_CONVERSION = YES;
				CLANG_WARN_INFINITE_RECURSION = YES;
				CLANG_WARN_INT_CONVERSION = YES;
				CLANG_WARN_NON_LITERAL_NULL_CONVERSION = YES;
				CLANG_WARN_OBJC_IMPLICIT_RETAIN_SELF = YES;
				CLANG_WARN_OBJC_LITERAL_CONVERSION = YES;
				CLANG_WARN_OBJC_ROOT_CLASS = YES_ERROR;
				CLANG_WARN_QUOTED_INCLUDE_IN_FRAMEWORK_HEADER = YES;
				CLANG_WARN_RANGE_LOOP_ANALYSIS = YES;
				CLANG_WARN_STRICT_PROTOTYPES = YES;
				CLANG_WARN_SUSPICIOUS_MOVE = YES;
				CLANG_WARN_UNGUARDED_AVAILABILITY = YES_AGGRESSIVE;
				CLANG_WARN_UNREACHABLE_CODE = YES;
				CLANG_WARN__DUPLICATE_METHOD_MATCH = YES;
				COPY_PHASE_STRIP = NO;
				DEBUG_INFORMATION_FORMAT = dwarf;
				ENABLE_STRICT_OBJC_MSGSEND = YES;
				ENABLE_TESTABILITY = YES;
				GCC_C_LANGUAGE_STANDARD = gnu11;
				GCC_DYNAMIC_NO_PIC = NO;
				GCC_NO_COMMON_BLOCKS = YES;
				GCC_OPTIMIZATION_LEVEL = 0;
				GCC_PREPROCESSOR_DEFINITIONS = (
					"DEBUG=1",
					"$(inherited)",
				);
				GCC_WARN_64_TO_32_BIT_CONVERSION = YES;
				GCC_WARN_ABOUT_RETURN_TYPE = YES_ERROR;
				GCC_WARN_UNDECLARED_SELECTOR = YES;
				GCC_WARN_UNINITIALIZED_AUTOS = YES_AGGRESSIVE;
				GCC_WARN_UNUSED_FUNCTION = YES;
				GCC_WARN_UNUSED_VARIABLE = YES;
				MACOSX_DEPLOYMENT_TARGET = 12.2;
				MTL_ENABLE_DEBUG_INFO = INCLUDE_SOURCE;
				MTL_FAST_MATH = YES;
				ONLY_ACTIVE_ARCH = YES;
				SDKROOT = macosx;
				SWIFT_ACTIVE_COMPILATION_CONDITIONS = DEBUG;
				SWIFT_OPTIMIZATION_LEVEL = "-Onone";
			};
			name = Debug;
		};
		0303DEF128D0BD5B00298F41 /* Release */ = {
			isa = XCBuildConfiguration;
			buildSettings = {
				ALWAYS_SEARCH_USER_PATHS = NO;
				CLANG_ANALYZER_NONNULL = YES;
				CLANG_ANALYZER_NUMBER_OBJECT_CONVERSION = YES_AGGRESSIVE;
				CLANG_CXX_LANGUAGE_STANDARD = "gnu++17";
				CLANG_ENABLE_MODULES = YES;
				CLANG_ENABLE_OBJC_ARC = YES;
				CLANG_ENABLE_OBJC_WEAK = YES;
				CLANG_WARN_BLOCK_CAPTURE_AUTORELEASING = YES;
				CLANG_WARN_BOOL_CONVERSION = YES;
				CLANG_WARN_COMMA = YES;
				CLANG_WARN_CONSTANT_CONVERSION = YES;
				CLANG_WARN_DEPRECATED_OBJC_IMPLEMENTATIONS = YES;
				CLANG_WARN_DIRECT_OBJC_ISA_USAGE = YES_ERROR;
				CLANG_WARN_DOCUMENTATION_COMMENTS = YES;
				CLANG_WARN_EMPTY_BODY = YES;
				CLANG_WARN_ENUM_CONVERSION = YES;
				CLANG_WARN_INFINITE_RECURSION = YES;
				CLANG_WARN_INT_CONVERSION = YES;
				CLANG_WARN_NON_LITERAL_NULL_CONVERSION = YES;
				CLANG_WARN_OBJC_IMPLICIT_RETAIN_SELF = YES;
				CLANG_WARN_OBJC_LITERAL_CONVERSION = YES;
				CLANG_WARN_OBJC_ROOT_CLASS = YES_ERROR;
				CLANG_WARN_QUOTED_INCLUDE_IN_FRAMEWORK_HEADER = YES;
				CLANG_WARN_RANGE_LOOP_ANALYSIS = YES;
				CLANG_WARN_STRICT_PROTOTYPES = YES;
				CLANG_WARN_SUSPICIOUS_MOVE = YES;
				CLANG_WARN_UNGUARDED_AVAILABILITY = YES_AGGRESSIVE;
				CLANG_WARN_UNREACHABLE_CODE = YES;
				CLANG_WARN__DUPLICATE_METHOD_MATCH = YES;
				COPY_PHASE_STRIP = NO;
				DEBUG_INFORMATION_FORMAT = "dwarf-with-dsym";
				ENABLE_NS_ASSERTIONS = NO;
				ENABLE_STRICT_OBJC_MSGSEND = YES;
				GCC_C_LANGUAGE_STANDARD = gnu11;
				GCC_NO_COMMON_BLOCKS = YES;
				GCC_WARN_64_TO_32_BIT_CONVERSION = YES;
				GCC_WARN_ABOUT_RETURN_TYPE = YES_ERROR;
				GCC_WARN_UNDECLARED_SELECTOR = YES;
				GCC_WARN_UNINITIALIZED_AUTOS = YES_AGGRESSIVE;
				GCC_WARN_UNUSED_FUNCTION = YES;
				GCC_WARN_UNUSED_VARIABLE = YES;
				MACOSX_DEPLOYMENT_TARGET = 12.2;
				MTL_ENABLE_DEBUG_INFO = NO;
				MTL_FAST_MATH = YES;
				SDKROOT = macosx;
				SWIFT_COMPILATION_MODE = wholemodule;
				SWIFT_OPTIMIZATION_LEVEL = "-O";
			};
			name = Release;
		};
		0303DEF328D0BD5B00298F41 /* Debug */ = {
			isa = XCBuildConfiguration;
			baseConfigurationReference = F4AB23F181F0D34CE6955C3D /* Pods-sagaRecordForMac.debug.xcconfig */;
			buildSettings = {
				ASSETCATALOG_COMPILER_APPICON_NAME = AppIcon;
				ASSETCATALOG_COMPILER_GLOBAL_ACCENT_COLOR_NAME = AccentColor;
				CODE_SIGN_ENTITLEMENTS = sagaRecordForMac/sagaRecordForMac.entitlements;
				CODE_SIGN_IDENTITY = "-";
				CODE_SIGN_STYLE = Automatic;
				COMBINE_HIDPI_IMAGES = YES;
				CURRENT_PROJECT_VERSION = 1;
				DEVELOPMENT_ASSET_PATHS = "\"sagaRecordForMac/Preview Content\"";
				DEVELOPMENT_TEAM = D92QVWG5E4;
				ENABLE_HARDENED_RUNTIME = YES;
				ENABLE_PREVIEWS = YES;
				GENERATE_INFOPLIST_FILE = YES;
				INFOPLIST_FILE = sagaRecordForMac/Info.plist;
				INFOPLIST_KEY_NSHumanReadableCopyright = "";
				INFOPLIST_KEY_UIUserInterfaceStyle = Light;
				LD_RUNPATH_SEARCH_PATHS = (
					"$(inherited)",
					"@executable_path/../Frameworks",
				);
				MARKETING_VERSION = 1.0;
				PRODUCT_BUNDLE_IDENTIFIER = com.yutaYamamoto1123.sagaRecordForMac;
				PRODUCT_NAME = "$(TARGET_NAME)";
				SWIFT_EMIT_LOC_STRINGS = YES;
				SWIFT_VERSION = 5.0;
			};
			name = Debug;
		};
		0303DEF428D0BD5B00298F41 /* Release */ = {
			isa = XCBuildConfiguration;
			baseConfigurationReference = 4E2E43E10C6E07EC15786A37 /* Pods-sagaRecordForMac.release.xcconfig */;
			buildSettings = {
				ASSETCATALOG_COMPILER_APPICON_NAME = AppIcon;
				ASSETCATALOG_COMPILER_GLOBAL_ACCENT_COLOR_NAME = AccentColor;
				CODE_SIGN_ENTITLEMENTS = sagaRecordForMac/sagaRecordForMac.entitlements;
				CODE_SIGN_IDENTITY = "-";
				CODE_SIGN_STYLE = Automatic;
				COMBINE_HIDPI_IMAGES = YES;
				CURRENT_PROJECT_VERSION = 1;
				DEVELOPMENT_ASSET_PATHS = "\"sagaRecordForMac/Preview Content\"";
				DEVELOPMENT_TEAM = D92QVWG5E4;
				ENABLE_HARDENED_RUNTIME = YES;
				ENABLE_PREVIEWS = YES;
				GENERATE_INFOPLIST_FILE = YES;
				INFOPLIST_FILE = sagaRecordForMac/Info.plist;
				INFOPLIST_KEY_NSHumanReadableCopyright = "";
				INFOPLIST_KEY_UIUserInterfaceStyle = Light;
				LD_RUNPATH_SEARCH_PATHS = (
					"$(inherited)",
					"@executable_path/../Frameworks",
				);
				MARKETING_VERSION = 1.0;
				PRODUCT_BUNDLE_IDENTIFIER = com.yutaYamamoto1123.sagaRecordForMac;
				PRODUCT_NAME = "$(TARGET_NAME)";
				SWIFT_EMIT_LOC_STRINGS = YES;
				SWIFT_VERSION = 5.0;
			};
			name = Release;
		};
		0303DEF628D0BD5B00298F41 /* Debug */ = {
			isa = XCBuildConfiguration;
			baseConfigurationReference = 805194226BCEAA5E31509826 /* Pods-sagaRecordForMacTests.debug.xcconfig */;
			buildSettings = {
				ALWAYS_EMBED_SWIFT_STANDARD_LIBRARIES = YES;
				BUNDLE_LOADER = "$(TEST_HOST)";
				CODE_SIGN_STYLE = Automatic;
				CURRENT_PROJECT_VERSION = 1;
				DEVELOPMENT_TEAM = D92QVWG5E4;
				GENERATE_INFOPLIST_FILE = YES;
				MACOSX_DEPLOYMENT_TARGET = 12.2;
				MARKETING_VERSION = 1.0;
				PRODUCT_BUNDLE_IDENTIFIER = com.yutaYamamoto1123.sagaRecordForMacTests;
				PRODUCT_NAME = "$(TARGET_NAME)";
				SWIFT_EMIT_LOC_STRINGS = NO;
				SWIFT_VERSION = 5.0;
				TEST_HOST = "$(BUILT_PRODUCTS_DIR)/sagaRecordForMac.app/Contents/MacOS/sagaRecordForMac";
			};
			name = Debug;
		};
		0303DEF728D0BD5B00298F41 /* Release */ = {
			isa = XCBuildConfiguration;
			baseConfigurationReference = 3E419EA266CDF2BFDDE0B5E1 /* Pods-sagaRecordForMacTests.release.xcconfig */;
			buildSettings = {
				ALWAYS_EMBED_SWIFT_STANDARD_LIBRARIES = YES;
				BUNDLE_LOADER = "$(TEST_HOST)";
				CODE_SIGN_STYLE = Automatic;
				CURRENT_PROJECT_VERSION = 1;
				DEVELOPMENT_TEAM = D92QVWG5E4;
				GENERATE_INFOPLIST_FILE = YES;
				MACOSX_DEPLOYMENT_TARGET = 12.2;
				MARKETING_VERSION = 1.0;
				PRODUCT_BUNDLE_IDENTIFIER = com.yutaYamamoto1123.sagaRecordForMacTests;
				PRODUCT_NAME = "$(TARGET_NAME)";
				SWIFT_EMIT_LOC_STRINGS = NO;
				SWIFT_VERSION = 5.0;
				TEST_HOST = "$(BUILT_PRODUCTS_DIR)/sagaRecordForMac.app/Contents/MacOS/sagaRecordForMac";
			};
			name = Release;
		};
		0303DEF928D0BD5B00298F41 /* Debug */ = {
			isa = XCBuildConfiguration;
			baseConfigurationReference = D08E84D617A37414C75F91FE /* Pods-sagaRecordForMac-sagaRecordForMacUITests.debug.xcconfig */;
			buildSettings = {
				ALWAYS_EMBED_SWIFT_STANDARD_LIBRARIES = YES;
				CODE_SIGN_STYLE = Automatic;
				CURRENT_PROJECT_VERSION = 1;
				DEVELOPMENT_TEAM = D92QVWG5E4;
				GENERATE_INFOPLIST_FILE = YES;
				MARKETING_VERSION = 1.0;
				PRODUCT_BUNDLE_IDENTIFIER = com.yutaYamamoto1123.sagaRecordForMacUITests;
				PRODUCT_NAME = "$(TARGET_NAME)";
				SWIFT_EMIT_LOC_STRINGS = NO;
				SWIFT_VERSION = 5.0;
				TEST_TARGET_NAME = sagaRecordForMac;
			};
			name = Debug;
		};
		0303DEFA28D0BD5B00298F41 /* Release */ = {
			isa = XCBuildConfiguration;
			baseConfigurationReference = B7B12251DA9812D32469FBEB /* Pods-sagaRecordForMac-sagaRecordForMacUITests.release.xcconfig */;
			buildSettings = {
				ALWAYS_EMBED_SWIFT_STANDARD_LIBRARIES = YES;
				CODE_SIGN_STYLE = Automatic;
				CURRENT_PROJECT_VERSION = 1;
				DEVELOPMENT_TEAM = D92QVWG5E4;
				GENERATE_INFOPLIST_FILE = YES;
				MARKETING_VERSION = 1.0;
				PRODUCT_BUNDLE_IDENTIFIER = com.yutaYamamoto1123.sagaRecordForMacUITests;
				PRODUCT_NAME = "$(TARGET_NAME)";
				SWIFT_EMIT_LOC_STRINGS = NO;
				SWIFT_VERSION = 5.0;
				TEST_TARGET_NAME = sagaRecordForMac;
			};
			name = Release;
		};
/* End XCBuildConfiguration section */

/* Begin XCConfigurationList section */
		0303DEC828D0BD5900298F41 /* Build configuration list for PBXProject "sagaRecordForMac" */ = {
			isa = XCConfigurationList;
			buildConfigurations = (
				0303DEF028D0BD5B00298F41 /* Debug */,
				0303DEF128D0BD5B00298F41 /* Release */,
			);
			defaultConfigurationIsVisible = 0;
			defaultConfigurationName = Release;
		};
		0303DEF228D0BD5B00298F41 /* Build configuration list for PBXNativeTarget "sagaRecordForMac" */ = {
			isa = XCConfigurationList;
			buildConfigurations = (
				0303DEF328D0BD5B00298F41 /* Debug */,
				0303DEF428D0BD5B00298F41 /* Release */,
			);
			defaultConfigurationIsVisible = 0;
			defaultConfigurationName = Release;
		};
		0303DEF528D0BD5B00298F41 /* Build configuration list for PBXNativeTarget "sagaRecordForMacTests" */ = {
			isa = XCConfigurationList;
			buildConfigurations = (
				0303DEF628D0BD5B00298F41 /* Debug */,
				0303DEF728D0BD5B00298F41 /* Release */,
			);
			defaultConfigurationIsVisible = 0;
			defaultConfigurationName = Release;
		};
		0303DEF828D0BD5B00298F41 /* Build configuration list for PBXNativeTarget "sagaRecordForMacUITests" */ = {
			isa = XCConfigurationList;
			buildConfigurations = (
				0303DEF928D0BD5B00298F41 /* Debug */,
				0303DEFA28D0BD5B00298F41 /* Release */,
			);
			defaultConfigurationIsVisible = 0;
			defaultConfigurationName = Release;
		};
/* End XCConfigurationList section */
	};
	rootObject = 0303DEC528D0BD5900298F41 /* Project object */;
}
